// !$*UTF8*$!
{
	archiveVersion = 1;
	classes = {
	};
	objectVersion = 50;
	objects = {

/* Begin PBXBuildFile section */
		65CE27312339761300AE6877 /* AppDelegate.swift in Sources */ = {isa = PBXBuildFile; fileRef = 65CE27302339761300AE6877 /* AppDelegate.swift */; };
		65CE27332339761300AE6877 /* ViewController.swift in Sources */ = {isa = PBXBuildFile; fileRef = 65CE27322339761300AE6877 /* ViewController.swift */; };
		65CE27362339761300AE6877 /* Main.storyboard in Resources */ = {isa = PBXBuildFile; fileRef = 65CE27342339761300AE6877 /* Main.storyboard */; };
		65CE27382339761500AE6877 /* Assets.xcassets in Resources */ = {isa = PBXBuildFile; fileRef = 65CE27372339761500AE6877 /* Assets.xcassets */; };
		65CE273B2339761500AE6877 /* LaunchScreen.storyboard in Resources */ = {isa = PBXBuildFile; fileRef = 65CE27392339761500AE6877 /* LaunchScreen.storyboard */; };
		65CE27462339761600AE6877 /* HW1_CMP430_nicolegTests.swift in Sources */ = {isa = PBXBuildFile; fileRef = 65CE27452339761600AE6877 /* HW1_CMP430_nicolegTests.swift */; };
		65CE27512339761600AE6877 /* HW1_CMP430_nicolegUITests.swift in Sources */ = {isa = PBXBuildFile; fileRef = 65CE27502339761600AE6877 /* HW1_CMP430_nicolegUITests.swift */; };
/* End PBXBuildFile section */

/* Begin PBXContainerItemProxy section */
		65CE27422339761600AE6877 /* PBXContainerItemProxy */ = {
			isa = PBXContainerItemProxy;
			containerPortal = 65CE27252339761300AE6877 /* Project object */;
			proxyType = 1;
			remoteGlobalIDString = 65CE272C2339761300AE6877;
			remoteInfo = "HW1 CMP430 nicoleg";
		};
		65CE274D2339761600AE6877 /* PBXContainerItemProxy */ = {
			isa = PBXContainerItemProxy;
			containerPortal = 65CE27252339761300AE6877 /* Project object */;
			proxyType = 1;
			remoteGlobalIDString = 65CE272C2339761300AE6877;
			remoteInfo = "HW1 CMP430 nicoleg";
		};
/* End PBXContainerItemProxy section */

/* Begin PBXFileReference section */
		65CE272D2339761300AE6877 /* HW1 CMP430 nicoleg.app */ = {isa = PBXFileReference; explicitFileType = wrapper.application; includeInIndex = 0; path = "HW1 CMP430 nicoleg.app"; sourceTree = BUILT_PRODUCTS_DIR; };
		65CE27302339761300AE6877 /* AppDelegate.swift */ = {isa = PBXFileReference; lastKnownFileType = sourcecode.swift; path = AppDelegate.swift; sourceTree = "<group>"; };
		65CE27322339761300AE6877 /* ViewController.swift */ = {isa = PBXFileReference; lastKnownFileType = sourcecode.swift; path = ViewController.swift; sourceTree = "<group>"; };
		65CE27352339761300AE6877 /* Base */ = {isa = PBXFileReference; lastKnownFileType = file.storyboard; name = Base; path = Base.lproj/Main.storyboard; sourceTree = "<group>"; };
		65CE27372339761500AE6877 /* Assets.xcassets */ = {isa = PBXFileReference; lastKnownFileType = folder.assetcatalog; path = Assets.xcassets; sourceTree = "<group>"; };
		65CE273A2339761500AE6877 /* Base */ = {isa = PBXFileReference; lastKnownFileType = file.storyboard; name = Base; path = Base.lproj/LaunchScreen.storyboard; sourceTree = "<group>"; };
		65CE273C2339761500AE6877 /* Info.plist */ = {isa = PBXFileReference; lastKnownFileType = text.plist.xml; path = Info.plist; sourceTree = "<group>"; };
		65CE27412339761600AE6877 /* HW1 CMP430 nicolegTests.xctest */ = {isa = PBXFileReference; explicitFileType = wrapper.cfbundle; includeInIndex = 0; path = "HW1 CMP430 nicolegTests.xctest"; sourceTree = BUILT_PRODUCTS_DIR; };
		65CE27452339761600AE6877 /* HW1_CMP430_nicolegTests.swift */ = {isa = PBXFileReference; lastKnownFileType = sourcecode.swift; path = HW1_CMP430_nicolegTests.swift; sourceTree = "<group>"; };
		65CE27472339761600AE6877 /* Info.plist */ = {isa = PBXFileReference; lastKnownFileType = text.plist.xml; path = Info.plist; sourceTree = "<group>"; };
		65CE274C2339761600AE6877 /* HW1 CMP430 nicolegUITests.xctest */ = {isa = PBXFileReference; explicitFileType = wrapper.cfbundle; includeInIndex = 0; path = "HW1 CMP430 nicolegUITests.xctest"; sourceTree = BUILT_PRODUCTS_DIR; };
		65CE27502339761600AE6877 /* HW1_CMP430_nicolegUITests.swift */ = {isa = PBXFileReference; lastKnownFileType = sourcecode.swift; path = HW1_CMP430_nicolegUITests.swift; sourceTree = "<group>"; };
		65CE27522339761600AE6877 /* Info.plist */ = {isa = PBXFileReference; lastKnownFileType = text.plist.xml; path = Info.plist; sourceTree = "<group>"; };
/* End PBXFileReference section */

/* Begin PBXFrameworksBuildPhase section */
		65CE272A2339761300AE6877 /* Frameworks */ = {
			isa = PBXFrameworksBuildPhase;
			buildActionMask = 2147483647;
			files = (
			);
			runOnlyForDeploymentPostprocessing = 0;
		};
		65CE273E2339761600AE6877 /* Frameworks */ = {
			isa = PBXFrameworksBuildPhase;
			buildActionMask = 2147483647;
			files = (
			);
			runOnlyForDeploymentPostprocessing = 0;
		};
		65CE27492339761600AE6877 /* Frameworks */ = {
			isa = PBXFrameworksBuildPhase;
			buildActionMask = 2147483647;
			files = (
			);
			runOnlyForDeploymentPostprocessing = 0;
		};
/* End PBXFrameworksBuildPhase section */

/* Begin PBXGroup section */
		65CE27242339761300AE6877 = {
			isa = PBXGroup;
			children = (
				65CE272F2339761300AE6877 /* HW1 CMP430 nicoleg */,
				65CE27442339761600AE6877 /* HW1 CMP430 nicolegTests */,
				65CE274F2339761600AE6877 /* HW1 CMP430 nicolegUITests */,
				65CE272E2339761300AE6877 /* Products */,
			);
			sourceTree = "<group>";
		};
		65CE272E2339761300AE6877 /* Products */ = {
			isa = PBXGroup;
			children = (
				65CE272D2339761300AE6877 /* HW1 CMP430 nicoleg.app */,
				65CE27412339761600AE6877 /* HW1 CMP430 nicolegTests.xctest */,
				65CE274C2339761600AE6877 /* HW1 CMP430 nicolegUITests.xctest */,
			);
			name = Products;
			sourceTree = "<group>";
		};
		65CE272F2339761300AE6877 /* HW1 CMP430 nicoleg */ = {
			isa = PBXGroup;
			children = (
				65CE27302339761300AE6877 /* AppDelegate.swift */,
				65CE27322339761300AE6877 /* ViewController.swift */,
				65CE27342339761300AE6877 /* Main.storyboard */,
				65CE27372339761500AE6877 /* Assets.xcassets */,
				65CE27392339761500AE6877 /* LaunchScreen.storyboard */,
				65CE273C2339761500AE6877 /* Info.plist */,
			);
			path = "HW1 CMP430 nicoleg";
			sourceTree = "<group>";
		};
		65CE27442339761600AE6877 /* HW1 CMP430 nicolegTests */ = {
			isa = PBXGroup;
			children = (
				65CE27452339761600AE6877 /* HW1_CMP430_nicolegTests.swift */,
				65CE27472339761600AE6877 /* Info.plist */,
			);
			path = "HW1 CMP430 nicolegTests";
			sourceTree = "<group>";
		};
		65CE274F2339761600AE6877 /* HW1 CMP430 nicolegUITests */ = {
			isa = PBXGroup;
			children = (
				65CE27502339761600AE6877 /* HW1_CMP430_nicolegUITests.swift */,
				65CE27522339761600AE6877 /* Info.plist */,
			);
			path = "HW1 CMP430 nicolegUITests";
			sourceTree = "<group>";
		};
/* End PBXGroup section */

/* Begin PBXNativeTarget section */
		65CE272C2339761300AE6877 /* HW1 CMP430 nicoleg */ = {
			isa = PBXNativeTarget;
			buildConfigurationList = 65CE27552339761600AE6877 /* Build configuration list for PBXNativeTarget "HW1 CMP430 nicoleg" */;
			buildPhases = (
				65CE27292339761300AE6877 /* Sources */,
				65CE272A2339761300AE6877 /* Frameworks */,
				65CE272B2339761300AE6877 /* Resources */,
			);
			buildRules = (
			);
			dependencies = (
			);
			name = "HW1 CMP430 nicoleg";
			productName = "HW1 CMP430 nicoleg";
			productReference = 65CE272D2339761300AE6877 /* HW1 CMP430 nicoleg.app */;
			productType = "com.apple.product-type.application";
		};
		65CE27402339761600AE6877 /* HW1 CMP430 nicolegTests */ = {
			isa = PBXNativeTarget;
			buildConfigurationList = 65CE27582339761600AE6877 /* Build configuration list for PBXNativeTarget "HW1 CMP430 nicolegTests" */;
			buildPhases = (
				65CE273D2339761600AE6877 /* Sources */,
				65CE273E2339761600AE6877 /* Frameworks */,
				65CE273F2339761600AE6877 /* Resources */,
			);
			buildRules = (
			);
			dependencies = (
				65CE27432339761600AE6877 /* PBXTargetDependency */,
			);
			name = "HW1 CMP430 nicolegTests";
			productName = "HW1 CMP430 nicolegTests";
			productReference = 65CE27412339761600AE6877 /* HW1 CMP430 nicolegTests.xctest */;
			productType = "com.apple.product-type.bundle.unit-test";
		};
		65CE274B2339761600AE6877 /* HW1 CMP430 nicolegUITests */ = {
			isa = PBXNativeTarget;
			buildConfigurationList = 65CE275B2339761600AE6877 /* Build configuration list for PBXNativeTarget "HW1 CMP430 nicolegUITests" */;
			buildPhases = (
				65CE27482339761600AE6877 /* Sources */,
				65CE27492339761600AE6877 /* Frameworks */,
				65CE274A2339761600AE6877 /* Resources */,
			);
			buildRules = (
			);
			dependencies = (
				65CE274E2339761600AE6877 /* PBXTargetDependency */,
			);
			name = "HW1 CMP430 nicolegUITests";
			productName = "HW1 CMP430 nicolegUITests";
			productReference = 65CE274C2339761600AE6877 /* HW1 CMP430 nicolegUITests.xctest */;
			productType = "com.apple.product-type.bundle.ui-testing";
		};
/* End PBXNativeTarget section */

/* Begin PBXProject section */
		65CE27252339761300AE6877 /* Project object */ = {
			isa = PBXProject;
			attributes = {
				LastSwiftUpdateCheck = 1030;
				LastUpgradeCheck = 1030;
				ORGANIZATIONNAME = "Nicole Gonzalez";
				TargetAttributes = {
					65CE272C2339761300AE6877 = {
						CreatedOnToolsVersion = 10.3;
					};
					65CE27402339761600AE6877 = {
						CreatedOnToolsVersion = 10.3;
						TestTargetID = 65CE272C2339761300AE6877;
					};
					65CE274B2339761600AE6877 = {
						CreatedOnToolsVersion = 10.3;
						TestTargetID = 65CE272C2339761300AE6877;
					};
				};
			};
			buildConfigurationList = 65CE27282339761300AE6877 /* Build configuration list for PBXProject "HW1 CMP430 nicoleg" */;
			compatibilityVersion = "Xcode 9.3";
			developmentRegion = en;
			hasScannedForEncodings = 0;
			knownRegions = (
				en,
				Base,
			);
			mainGroup = 65CE27242339761300AE6877;
			productRefGroup = 65CE272E2339761300AE6877 /* Products */;
			projectDirPath = "";
			projectRoot = "";
			targets = (
				65CE272C2339761300AE6877 /* HW1 CMP430 nicoleg */,
				65CE27402339761600AE6877 /* HW1 CMP430 nicolegTests */,
				65CE274B2339761600AE6877 /* HW1 CMP430 nicolegUITests */,
			);
		};
/* End PBXProject section */

/* Begin PBXResourcesBuildPhase section */
		65CE272B2339761300AE6877 /* Resources */ = {
			isa = PBXResourcesBuildPhase;
			buildActionMask = 2147483647;
			files = (
				65CE273B2339761500AE6877 /* LaunchScreen.storyboard in Resources */,
				65CE27382339761500AE6877 /* Assets.xcassets in Resources */,
				65CE27362339761300AE6877 /* Main.storyboard in Resources */,
			);
			runOnlyForDeploymentPostprocessing = 0;
		};
		65CE273F2339761600AE6877 /* Resources */ = {
			isa = PBXResourcesBuildPhase;
			buildActionMask = 2147483647;
			files = (
			);
			runOnlyForDeploymentPostprocessing = 0;
		};
		65CE274A2339761600AE6877 /* Resources */ = {
			isa = PBXResourcesBuildPhase;
			buildActionMask = 2147483647;
			files = (
			);
			runOnlyForDeploymentPostprocessing = 0;
		};
/* End PBXResourcesBuildPhase section */

/* Begin PBXSourcesBuildPhase section */
		65CE27292339761300AE6877 /* Sources */ = {
			isa = PBXSourcesBuildPhase;
			buildActionMask = 2147483647;
			files = (
				65CE27332339761300AE6877 /* ViewController.swift in Sources */,
				65CE27312339761300AE6877 /* AppDelegate.swift in Sources */,
			);
			runOnlyForDeploymentPostprocessing = 0;
		};
		65CE273D2339761600AE6877 /* Sources */ = {
			isa = PBXSourcesBuildPhase;
			buildActionMask = 2147483647;
			files = (
				65CE27462339761600AE6877 /* HW1_CMP430_nicolegTests.swift in Sources */,
			);
			runOnlyForDeploymentPostprocessing = 0;
		};
		65CE27482339761600AE6877 /* Sources */ = {
			isa = PBXSourcesBuildPhase;
			buildActionMask = 2147483647;
			files = (
				65CE27512339761600AE6877 /* HW1_CMP430_nicolegUITests.swift in Sources */,
			);
			runOnlyForDeploymentPostprocessing = 0;
		};
/* End PBXSourcesBuildPhase section */

/* Begin PBXTargetDependency section */
		65CE27432339761600AE6877 /* PBXTargetDependency */ = {
			isa = PBXTargetDependency;
			target = 65CE272C2339761300AE6877 /* HW1 CMP430 nicoleg */;
			targetProxy = 65CE27422339761600AE6877 /* PBXContainerItemProxy */;
		};
		65CE274E2339761600AE6877 /* PBXTargetDependency */ = {
			isa = PBXTargetDependency;
			target = 65CE272C2339761300AE6877 /* HW1 CMP430 nicoleg */;
			targetProxy = 65CE274D2339761600AE6877 /* PBXContainerItemProxy */;
		};
/* End PBXTargetDependency section */

/* Begin PBXVariantGroup section */
		65CE27342339761300AE6877 /* Main.storyboard */ = {
			isa = PBXVariantGroup;
			children = (
				65CE27352339761300AE6877 /* Base */,
			);
			name = Main.storyboard;
			sourceTree = "<group>";
		};
		65CE27392339761500AE6877 /* LaunchScreen.storyboard */ = {
			isa = PBXVariantGroup;
			children = (
				65CE273A2339761500AE6877 /* Base */,
			);
			name = LaunchScreen.storyboard;
			sourceTree = "<group>";
		};
/* End PBXVariantGroup section */

/* Begin XCBuildConfiguration section */
		65CE27532339761600AE6877 /* Debug */ = {
			isa = XCBuildConfiguration;
			buildSettings = {
				ALWAYS_SEARCH_USER_PATHS = NO;
				CLANG_ANALYZER_NONNULL = YES;
				CLANG_ANALYZER_NUMBER_OBJECT_CONVERSION = YES_AGGRESSIVE;
				CLANG_CXX_LANGUAGE_STANDARD = "gnu++14";
				CLANG_CXX_LIBRARY = "libc++";
				CLANG_ENABLE_MODULES = YES;
				CLANG_ENABLE_OBJC_ARC = YES;
				CLANG_ENABLE_OBJC_WEAK = YES;
				CLANG_WARN_BLOCK_CAPTURE_AUTORELEASING = YES;
				CLANG_WARN_BOOL_CONVERSION = YES;
				CLANG_WARN_COMMA = YES;
				CLANG_WARN_CONSTANT_CONVERSION = YES;
				CLANG_WARN_DEPRECATED_OBJC_IMPLEMENTATIONS = YES;
				CLANG_WARN_DIRECT_OBJC_ISA_USAGE = YES_ERROR;
				CLANG_WARN_DOCUMENTATION_COMMENTS = YES;
				CLANG_WARN_EMPTY_BODY = YES;
				CLANG_WARN_ENUM_CONVERSION = YES;
				CLANG_WARN_INFINITE_RECURSION = YES;
				CLANG_WARN_INT_CONVERSION = YES;
				CLANG_WARN_NON_LITERAL_NULL_CONVERSION = YES;
				CLANG_WARN_OBJC_IMPLICIT_RETAIN_SELF = YES;
				CLANG_WARN_OBJC_LITERAL_CONVERSION = YES;
				CLANG_WARN_OBJC_ROOT_CLASS = YES_ERROR;
				CLANG_WARN_RANGE_LOOP_ANALYSIS = YES;
				CLANG_WARN_STRICT_PROTOTYPES = YES;
				CLANG_WARN_SUSPICIOUS_MOVE = YES;
				CLANG_WARN_UNGUARDED_AVAILABILITY = YES_AGGRESSIVE;
				CLANG_WARN_UNREACHABLE_CODE = YES;
				CLANG_WARN__DUPLICATE_METHOD_MATCH = YES;
				CODE_SIGN_IDENTITY = "iPhone Developer";
				COPY_PHASE_STRIP = NO;
				DEBUG_INFORMATION_FORMAT = dwarf;
				ENABLE_STRICT_OBJC_MSGSEND = YES;
				ENABLE_TESTABILITY = YES;
				GCC_C_LANGUAGE_STANDARD = gnu11;
				GCC_DYNAMIC_NO_PIC = NO;
				GCC_NO_COMMON_BLOCKS = YES;
				GCC_OPTIMIZATION_LEVEL = 0;
				GCC_PREPROCESSOR_DEFINITIONS = (
					"DEBUG=1",
					"$(inherited)",
				);
				GCC_WARN_64_TO_32_BIT_CONVERSION = YES;
				GCC_WARN_ABOUT_RETURN_TYPE = YES_ERROR;
				GCC_WARN_UNDECLARED_SELECTOR = YES;
				GCC_WARN_UNINITIALIZED_AUTOS = YES_AGGRESSIVE;
				GCC_WARN_UNUSED_FUNCTION = YES;
				GCC_WARN_UNUSED_VARIABLE = YES;
				IPHONEOS_DEPLOYMENT_TARGET = 12.4;
				MTL_ENABLE_DEBUG_INFO = INCLUDE_SOURCE;
				MTL_FAST_MATH = YES;
				ONLY_ACTIVE_ARCH = YES;
				SDKROOT = iphoneos;
				SWIFT_ACTIVE_COMPILATION_CONDITIONS = DEBUG;
				SWIFT_OPTIMIZATION_LEVEL = "-Onone";
			};
			name = Debug;
		};
		65CE27542339761600AE6877 /* Release */ = {
			isa = XCBuildConfiguration;
			buildSettings = {
				ALWAYS_SEARCH_USER_PATHS = NO;
				CLANG_ANALYZER_NONNULL = YES;
				CLANG_ANALYZER_NUMBER_OBJECT_CONVERSION = YES_AGGRESSIVE;
				CLANG_CXX_LANGUAGE_STANDARD = "gnu++14";
				CLANG_CXX_LIBRARY = "libc++";
				CLANG_ENABLE_MODULES = YES;
				CLANG_ENABLE_OBJC_ARC = YES;
				CLANG_ENABLE_OBJC_WEAK = YES;
				CLANG_WARN_BLOCK_CAPTURE_AUTORELEASING = YES;
				CLANG_WARN_BOOL_CONVERSION = YES;
				CLANG_WARN_COMMA = YES;
				CLANG_WARN_CONSTANT_CONVERSION = YES;
				CLANG_WARN_DEPRECATED_OBJC_IMPLEMENTATIONS = YES;
				CLANG_WARN_DIRECT_OBJC_ISA_USAGE = YES_ERROR;
				CLANG_WARN_DOCUMENTATION_COMMENTS = YES;
				CLANG_WARN_EMPTY_BODY = YES;
				CLANG_WARN_ENUM_CONVERSION = YES;
				CLANG_WARN_INFINITE_RECURSION = YES;
				CLANG_WARN_INT_CONVERSION = YES;
				CLANG_WARN_NON_LITERAL_NULL_CONVERSION = YES;
				CLANG_WARN_OBJC_IMPLICIT_RETAIN_SELF = YES;
				CLANG_WARN_OBJC_LITERAL_CONVERSION = YES;
				CLANG_WARN_OBJC_ROOT_CLASS = YES_ERROR;
				CLANG_WARN_RANGE_LOOP_ANALYSIS = YES;
				CLANG_WARN_STRICT_PROTOTYPES = YES;
				CLANG_WARN_SUSPICIOUS_MOVE = YES;
				CLANG_WARN_UNGUARDED_AVAILABILITY = YES_AGGRESSIVE;
				CLANG_WARN_UNREACHABLE_CODE = YES;
				CLANG_WARN__DUPLICATE_METHOD_MATCH = YES;
				CODE_SIGN_IDENTITY = "iPhone Developer";
				COPY_PHASE_STRIP = NO;
				DEBUG_INFORMATION_FORMAT = "dwarf-with-dsym";
				ENABLE_NS_ASSERTIONS = NO;
				ENABLE_STRICT_OBJC_MSGSEND = YES;
				GCC_C_LANGUAGE_STANDARD = gnu11;
				GCC_NO_COMMON_BLOCKS = YES;
				GCC_WARN_64_TO_32_BIT_CONVERSION = YES;
				GCC_WARN_ABOUT_RETURN_TYPE = YES_ERROR;
				GCC_WARN_UNDECLARED_SELECTOR = YES;
				GCC_WARN_UNINITIALIZED_AUTOS = YES_AGGRESSIVE;
				GCC_WARN_UNUSED_FUNCTION = YES;
				GCC_WARN_UNUSED_VARIABLE = YES;
				IPHONEOS_DEPLOYMENT_TARGET = 12.4;
				MTL_ENABLE_DEBUG_INFO = NO;
				MTL_FAST_MATH = YES;
				SDKROOT = iphoneos;
				SWIFT_COMPILATION_MODE = wholemodule;
				SWIFT_OPTIMIZATION_LEVEL = "-O";
				VALIDATE_PRODUCT = YES;
			};
			name = Release;
		};
		65CE27562339761600AE6877 /* Debug */ = {
			isa = XCBuildConfiguration;
			buildSettings = {
				ASSETCATALOG_COMPILER_APPICON_NAME = AppIcon;
				CODE_SIGN_STYLE = Automatic;
				DEVELOPMENT_TEAM = P5MBJ5JY8A;
				INFOPLIST_FILE = "HW1 CMP430 nicoleg/Info.plist";
				LD_RUNPATH_SEARCH_PATHS = (
					"$(inherited)",
					"@executable_path/Frameworks",
				);
				PRODUCT_BUNDLE_IDENTIFIER = "nicole.s.gonalez.HW1-CMP430-nicoleg";
				PRODUCT_NAME = "$(TARGET_NAME)";
				SWIFT_VERSION = 5.0;
				TARGETED_DEVICE_FAMILY = "1,2";
			};
			name = Debug;
		};
		65CE27572339761600AE6877 /* Release */ = {
			isa = XCBuildConfiguration;
			buildSettings = {
				ASSETCATALOG_COMPILER_APPICON_NAME = AppIcon;
				CODE_SIGN_STYLE = Automatic;
				DEVELOPMENT_TEAM = P5MBJ5JY8A;
				INFOPLIST_FILE = "HW1 CMP430 nicoleg/Info.plist";
				LD_RUNPATH_SEARCH_PATHS = (
					"$(inherited)",
					"@executable_path/Frameworks",
				);
				PRODUCT_BUNDLE_IDENTIFIER = "nicole.s.gonalez.HW1-CMP430-nicoleg";
				PRODUCT_NAME = "$(TARGET_NAME)";
				SWIFT_VERSION = 5.0;
				TARGETED_DEVICE_FAMILY = "1,2";
			};
			name = Release;
		};
		65CE27592339761600AE6877 /* Debug */ = {
			isa = XCBuildConfiguration;
			buildSettings = {
				ALWAYS_EMBED_SWIFT_STANDARD_LIBRARIES = YES;
				BUNDLE_LOADER = "$(TEST_HOST)";
				CODE_SIGN_STYLE = Automatic;
				DEVELOPMENT_TEAM = P5MBJ5JY8A;
				INFOPLIST_FILE = "HW1 CMP430 nicolegTests/Info.plist";
				LD_RUNPATH_SEARCH_PATHS = (
					"$(inherited)",
					"@executable_path/Frameworks",
					"@loader_path/Frameworks",
				);
				PRODUCT_BUNDLE_IDENTIFIER = "nicole.s.gonalez.HW1-CMP430-nicolegTests";
				PRODUCT_NAME = "$(TARGET_NAME)";
				SWIFT_VERSION = 5.0;
				TARGETED_DEVICE_FAMILY = "1,2";
				TEST_HOST = "$(BUILT_PRODUCTS_DIR)/HW1 CMP430 nicoleg.app/HW1 CMP430 nicoleg";
			};
			name = Debug;
		};
		65CE275A2339761600AE6877 /* Release */ = {
			isa = XCBuildConfiguration;
			buildSettings = {
				ALWAYS_EMBED_SWIFT_STANDARD_LIBRARIES = YES;
				BUNDLE_LOADER = "$(TEST_HOST)";
				CODE_SIGN_STYLE = Automatic;
				DEVELOPMENT_TEAM = P5MBJ5JY8A;
				INFOPLIST_FILE = "HW1 CMP430 nicolegTests/Info.plist";
				LD_RUNPATH_SEARCH_PATHS = (
					"$(inherited)",
					"@executable_path/Frameworks",
					"@loader_path/Frameworks",
				);
				PRODUCT_BUNDLE_IDENTIFIER = "nicole.s.gonalez.HW1-CMP430-nicolegTests";
				PRODUCT_NAME = "$(TARGET_NAME)";
				SWIFT_VERSION = 5.0;
				TARGETED_DEVICE_FAMILY = "1,2";
				TEST_HOST = "$(BUILT_PRODUCTS_DIR)/HW1 CMP430 nicoleg.app/HW1 CMP430 nicoleg";
			};
			name = Release;
		};
		65CE275C2339761600AE6877 /* Debug */ = {
			isa = XCBuildConfiguration;
			buildSettings = {
				ALWAYS_EMBED_SWIFT_STANDARD_LIBRARIES = YES;
				CODE_SIGN_STYLE = Automatic;
				DEVELOPMENT_TEAM = P5MBJ5JY8A;
				INFOPLIST_FILE = "HW1 CMP430 nicolegUITests/Info.plist";
				LD_RUNPATH_SEARCH_PATHS = (
					"$(inherited)",
					"@executable_path/Frameworks",
					"@loader_path/Frameworks",
				);
				PRODUCT_BUNDLE_IDENTIFIER = "nicole.s.gonalez.HW1-CMP430-nicolegUITests";
				PRODUCT_NAME = "$(TARGET_NAME)";
				SWIFT_VERSION = 5.0;
				TARGETED_DEVICE_FAMILY = "1,2";
				TEST_TARGET_NAME = "HW1 CMP430 nicoleg";
			};
			name = Debug;
		};
		65CE275D2339761600AE6877 /* Release */ = {
			isa = XCBuildConfiguration;
			buildSettings = {
				ALWAYS_EMBED_SWIFT_STANDARD_LIBRARIES = YES;
				CODE_SIGN_STYLE = Automatic;
				DEVELOPMENT_TEAM = P5MBJ5JY8A;
				INFOPLIST_FILE = "HW1 CMP430 nicolegUITests/Info.plist";
				LD_RUNPATH_SEARCH_PATHS = (
					"$(inherited)",
					"@executable_path/Frameworks",
					"@loader_path/Frameworks",
				);
				PRODUCT_BUNDLE_IDENTIFIER = "nicole.s.gonalez.HW1-CMP430-nicolegUITests";
				PRODUCT_NAME = "$(TARGET_NAME)";
				SWIFT_VERSION = 5.0;
				TARGETED_DEVICE_FAMILY = "1,2";
				TEST_TARGET_NAME = "HW1 CMP430 nicoleg";
			};
			name = Release;
		};
/* End XCBuildConfiguration section */

/* Begin XCConfigurationList section */
		65CE27282339761300AE6877 /* Build configuration list for PBXProject "HW1 CMP430 nicoleg" */ = {
			isa = XCConfigurationList;
			buildConfigurations = (
				65CE27532339761600AE6877 /* Debug */,
				65CE27542339761600AE6877 /* Release */,
			);
			defaultConfigurationIsVisible = 0;
			defaultConfigurationName = Release;
		};
		65CE27552339761600AE6877 /* Build configuration list for PBXNativeTarget "HW1 CMP430 nicoleg" */ = {
			isa = XCConfigurationList;
			buildConfigurations = (
				65CE27562339761600AE6877 /* Debug */,
				65CE27572339761600AE6877 /* Release */,
			);
			defaultConfigurationIsVisible = 0;
			defaultConfigurationName = Release;
		};
		65CE27582339761600AE6877 /* Build configuration list for PBXNativeTarget "HW1 CMP430 nicolegTests" */ = {
			isa = XCConfigurationList;
			buildConfigurations = (
				65CE27592339761600AE6877 /* Debug */,
				65CE275A2339761600AE6877 /* Release */,
			);
			defaultConfigurationIsVisible = 0;
			defaultConfigurationName = Release;
		};
		65CE275B2339761600AE6877 /* Build configuration list for PBXNativeTarget "HW1 CMP430 nicolegUITests" */ = {
			isa = XCConfigurationList;
			buildConfigurations = (
				65CE275C2339761600AE6877 /* Debug */,
				65CE275D2339761600AE6877 /* Release */,
			);
			defaultConfigurationIsVisible = 0;
			defaultConfigurationName = Release;
		};
/* End XCConfigurationList section */
	};
	rootObject = 65CE27252339761300AE6877 /* Project object */;
}
